Microsoft Visual Studio Solution File, Format Version 7.00
Project("{8BC9CEB8-8B4A-11D0-8D11-00A0C91BC942}") = "msAllegExport", "msPlugIn.vcproj", "{83B777A0-6626-4F42-807D-871C3C7FBD9A}"
EndProject
Project("{8BC9CEB8-8B4A-11D0-8D11-00A0C91BC942}") = "msAllegTool", "..\msAllegTool\msAllegTool.vcproj", "{6546AA39-1F3B-4387-A628-035D2196C078}"
EndProject
Global
	GlobalSection(SolutionConfiguration) = preSolution
		ConfigName.0 = Debug
		ConfigName.1 = Release
	EndGlobalSection
	GlobalSection(ProjectDependencies) = postSolution
	EndGlobalSection
	GlobalSection(ProjectConfiguration) = postSolution
		{83B777A0-6626-4F42-807D-871C3C7FBD9A}.Debug.ActiveCfg = Debug|Win32
		{83B777A0-6626-4F42-807D-871C3C7FBD9A}.Debug.Build.0 = Debug|Win32
		{83B777A0-6626-4F42-807D-871C3C7FBD9A}.Release.ActiveCfg = Release|Win32
		{6546AA39-1F3B-4387-A628-035D2196C078}.Debug.ActiveCfg = Debug|Win32
		{6546AA39-1F3B-4387-A628-035D2196C078}.Debug.Build.0 = Debug|Win32
		{6546AA39-1F3B-4387-A628-035D2196C078}.Release.ActiveCfg = Release|Win32
		{6546AA39-1F3B-4387-A628-035D2196C078}.Release.Build.0 = Release|Win32
	EndGlobalSection
	GlobalSection(ExtensibilityGlobals) = postSolution
	EndGlobalSection
	GlobalSection(ExtensibilityAddIns) = postSolution
	EndGlobalSection
EndGlobal
