Microsoft Visual Studio Solution File, Format Version 7.00
Project("{8BC9CEB8-8B4A-11D0-8D11-00A0C91BC942}") = "FreeImage", "FreeImage.vcproj", "{095CB544-D52E-4A49-844F-08555F76DC7D}"
EndProject
Project("{8BC9CEB8-8B4A-11D0-8D11-00A0C91BC942}") = "FreeImageLib", "SOURCE\FreeImageLib\FreeImageLib.vcproj", "{06A78251-3A88-4E4A-9D58-ED62599DD4F9}"
EndProject
Project("{8BC9CEB8-8B4A-11D0-8D11-00A0C91BC942}") = "FreeImageQt", "Source\FreeImageQt\FreeImageQt.vcproj", "{5D886305-8539-485E-A97A-4DC9C565CFEE}"
EndProject
Project("{8BC9CEB8-8B4A-11D0-8D11-00A0C91BC942}") = "LibJPEG", "Source\LibJPEG\LibJPEG.vcproj", "{1E29CEBC-C8C3-4312-B112-A19E942E73CC}"
EndProject
Project("{8BC9CEB8-8B4A-11D0-8D11-00A0C91BC942}") = "LibMNG", "Source\LibMNG\LibMNG.vcproj", "{4A9CDB7B-AC41-4D26-AA80-DC34D5138EDB}"
EndProject
Project("{8BC9CEB8-8B4A-11D0-8D11-00A0C91BC942}") = "LibPNG", "Source\LibPNG\LibPNG.vcproj", "{520A48AB-A411-4E5F-A393-02453515E3CB}"
EndProject
Project("{8BC9CEB8-8B4A-11D0-8D11-00A0C91BC942}") = "LibTIFF", "Source\LibTIFF\LibTIFF.vcproj", "{C5EE48E1-1F26-4546-8C4B-CDF397DDCA46}"
EndProject
Project("{8BC9CEB8-8B4A-11D0-8D11-00A0C91BC942}") = "Test", "Source\Test\Test.vcproj", "{F4D02C6C-B9A6-44AD-96DF-5617A675F3D7}"
EndProject
Project("{8BC9CEB8-8B4A-11D0-8D11-00A0C91BC942}") = "ZLib", "Source\ZLib\ZLib.vcproj", "{7589288A-4858-4507-ACBD-D6F4A1495449}"
EndProject
Global
	GlobalSection(SolutionConfiguration) = preSolution
		ConfigName.0 = Debug
		ConfigName.1 = Release
	EndGlobalSection
	GlobalSection(ProjectDependencies) = postSolution
		{095CB544-D52E-4A49-844F-08555F76DC7D}.0 = {4A9CDB7B-AC41-4D26-AA80-DC34D5138EDB}
		{095CB544-D52E-4A49-844F-08555F76DC7D}.1 = {7589288A-4858-4507-ACBD-D6F4A1495449}
		{095CB544-D52E-4A49-844F-08555F76DC7D}.2 = {C5EE48E1-1F26-4546-8C4B-CDF397DDCA46}
		{095CB544-D52E-4A49-844F-08555F76DC7D}.3 = {520A48AB-A411-4E5F-A393-02453515E3CB}
		{095CB544-D52E-4A49-844F-08555F76DC7D}.4 = {1E29CEBC-C8C3-4312-B112-A19E942E73CC}
		{06A78251-3A88-4E4A-9D58-ED62599DD4F9}.0 = {C5EE48E1-1F26-4546-8C4B-CDF397DDCA46}
		{06A78251-3A88-4E4A-9D58-ED62599DD4F9}.1 = {520A48AB-A411-4E5F-A393-02453515E3CB}
		{06A78251-3A88-4E4A-9D58-ED62599DD4F9}.2 = {4A9CDB7B-AC41-4D26-AA80-DC34D5138EDB}
		{06A78251-3A88-4E4A-9D58-ED62599DD4F9}.3 = {1E29CEBC-C8C3-4312-B112-A19E942E73CC}
		{4A9CDB7B-AC41-4D26-AA80-DC34D5138EDB}.0 = {7589288A-4858-4507-ACBD-D6F4A1495449}
		{F4D02C6C-B9A6-44AD-96DF-5617A675F3D7}.0 = {095CB544-D52E-4A49-844F-08555F76DC7D}
	EndGlobalSection
	GlobalSection(ProjectConfiguration) = postSolution
		{095CB544-D52E-4A49-844F-08555F76DC7D}.Debug.ActiveCfg = Debug|Win32
		{095CB544-D52E-4A49-844F-08555F76DC7D}.Debug.Build.0 = Debug|Win32
		{095CB544-D52E-4A49-844F-08555F76DC7D}.Release.ActiveCfg = Release|Win32
		{095CB544-D52E-4A49-844F-08555F76DC7D}.Release.Build.0 = Release|Win32
		{06A78251-3A88-4E4A-9D58-ED62599DD4F9}.Debug.ActiveCfg = Debug|Win32
		{06A78251-3A88-4E4A-9D58-ED62599DD4F9}.Debug.Build.0 = Debug|Win32
		{06A78251-3A88-4E4A-9D58-ED62599DD4F9}.Release.ActiveCfg = Release|Win32
		{06A78251-3A88-4E4A-9D58-ED62599DD4F9}.Release.Build.0 = Release|Win32
		{5D886305-8539-485E-A97A-4DC9C565CFEE}.Debug.ActiveCfg = Debug|Win32
		{5D886305-8539-485E-A97A-4DC9C565CFEE}.Debug.Build.0 = Debug|Win32
		{5D886305-8539-485E-A97A-4DC9C565CFEE}.Release.ActiveCfg = Release|Win32
		{5D886305-8539-485E-A97A-4DC9C565CFEE}.Release.Build.0 = Release|Win32
		{1E29CEBC-C8C3-4312-B112-A19E942E73CC}.Debug.ActiveCfg = Debug|Win32
		{1E29CEBC-C8C3-4312-B112-A19E942E73CC}.Debug.Build.0 = Debug|Win32
		{1E29CEBC-C8C3-4312-B112-A19E942E73CC}.Release.ActiveCfg = Release|Win32
		{1E29CEBC-C8C3-4312-B112-A19E942E73CC}.Release.Build.0 = Release|Win32
		{4A9CDB7B-AC41-4D26-AA80-DC34D5138EDB}.Debug.ActiveCfg = Debug|Win32
		{4A9CDB7B-AC41-4D26-AA80-DC34D5138EDB}.Debug.Build.0 = Debug|Win32
		{4A9CDB7B-AC41-4D26-AA80-DC34D5138EDB}.Release.ActiveCfg = Release|Win32
		{4A9CDB7B-AC41-4D26-AA80-DC34D5138EDB}.Release.Build.0 = Release|Win32
		{520A48AB-A411-4E5F-A393-02453515E3CB}.Debug.ActiveCfg = Debug|Win32
		{520A48AB-A411-4E5F-A393-02453515E3CB}.Debug.Build.0 = Debug|Win32
		{520A48AB-A411-4E5F-A393-02453515E3CB}.Release.ActiveCfg = Release|Win32
		{520A48AB-A411-4E5F-A393-02453515E3CB}.Release.Build.0 = Release|Win32
		{C5EE48E1-1F26-4546-8C4B-CDF397DDCA46}.Debug.ActiveCfg = Debug|Win32
		{C5EE48E1-1F26-4546-8C4B-CDF397DDCA46}.Debug.Build.0 = Debug|Win32
		{C5EE48E1-1F26-4546-8C4B-CDF397DDCA46}.Release.ActiveCfg = Release|Win32
		{C5EE48E1-1F26-4546-8C4B-CDF397DDCA46}.Release.Build.0 = Release|Win32
		{F4D02C6C-B9A6-44AD-96DF-5617A675F3D7}.Debug.ActiveCfg = Debug|Win32
		{F4D02C6C-B9A6-44AD-96DF-5617A675F3D7}.Debug.Build.0 = Debug|Win32
		{F4D02C6C-B9A6-44AD-96DF-5617A675F3D7}.Release.ActiveCfg = Release|Win32
		{F4D02C6C-B9A6-44AD-96DF-5617A675F3D7}.Release.Build.0 = Release|Win32
		{7589288A-4858-4507-ACBD-D6F4A1495449}.Debug.ActiveCfg = Debug|Win32
		{7589288A-4858-4507-ACBD-D6F4A1495449}.Debug.Build.0 = Debug|Win32
		{7589288A-4858-4507-ACBD-D6F4A1495449}.Release.ActiveCfg = Release|Win32
		{7589288A-4858-4507-ACBD-D6F4A1495449}.Release.Build.0 = Release|Win32
	EndGlobalSection
	GlobalSection(ExtensibilityGlobals) = postSolution
	EndGlobalSection
	GlobalSection(ExtensibilityAddIns) = postSolution
	EndGlobalSection
EndGlobal
